
Microsoft Visual Studio Solution File, Format Version 12.00
# Visual Studio 15
VisualStudioVersion = 15.0.26124.0
MinimumVisualStudioVersion = 15.0.26124.0
Project("{FAE04EC0-301F-11D3-BF4B-00C04F79EFBC}") = "ConsoleClient", "ConsoleClient\ConsoleClient.csproj", "{1FF37693-4F33-4243-9AB3-069FF78C7366}"
EndProject
Project("{FAE04EC0-301F-11D3-BF4B-00C04F79EFBC}") = "HighLevelClient", "HighLevelClient\HighLevelClient.csproj", "{95CDB084-C8AF-4552-89BD-A0A312C0714E}"
EndProject
Global
	GlobalSection(SolutionConfigurationPlatforms) = preSolution
		Debug|Any CPU = Debug|Any CPU
		Debug|x64 = Debug|x64
		Debug|x86 = Debug|x86
		Release|Any CPU = Release|Any CPU
		Release|x64 = Release|x64
		Release|x86 = Release|x86
	EndGlobalSection
	GlobalSection(SolutionProperties) = preSolution
		HideSolutionNode = FALSE
	EndGlobalSection
	GlobalSection(ProjectConfigurationPlatforms) = postSolution
		{1FF37693-4F33-4243-9AB3-069FF78C7366}.Debug|Any CPU.ActiveCfg = Debug|Any CPU
		{1FF37693-4F33-4243-9AB3-069FF78C7366}.Debug|Any CPU.Build.0 = Debug|Any CPU
		{1FF37693-4F33-4243-9AB3-069FF78C7366}.Debug|x64.ActiveCfg = Debug|Any CPU
		{1FF37693-4F33-4243-9AB3-069FF78C7366}.Debug|x64.Build.0 = Debug|Any CPU
		{1FF37693-4F33-4243-9AB3-069FF78C7366}.Debug|x86.ActiveCfg = Debug|Any CPU
		{1FF37693-4F33-4243-9AB3-069FF78C7366}.Debug|x86.Build.0 = Debug|Any CPU
		{1FF37693-4F33-4243-9AB3-069FF78C7366}.Release|Any CPU.ActiveCfg = Release|Any CPU
		{1FF37693-4F33-4243-9AB3-069FF78C7366}.Release|Any CPU.Build.0 = Release|Any CPU
		{1FF37693-4F33-4243-9AB3-069FF78C7366}.Release|x64.ActiveCfg = Release|Any CPU
		{1FF37693-4F33-4243-9AB3-069FF78C7366}.Release|x64.Build.0 = Release|Any CPU
		{1FF37693-4F33-4243-9AB3-069FF78C7366}.Release|x86.ActiveCfg = Release|Any CPU
		{1FF37693-4F33-4243-9AB3-069FF78C7366}.Release|x86.Build.0 = Release|Any CPU
		{95CDB084-C8AF-4552-89BD-A0A312C0714E}.Debug|Any CPU.ActiveCfg = Debug|Any CPU
		{95CDB084-C8AF-4552-89BD-A0A312C0714E}.Debug|Any CPU.Build.0 = Debug|Any CPU
		{95CDB084-C8AF-4552-89BD-A0A312C0714E}.Debug|x64.ActiveCfg = Debug|Any CPU
		{95CDB084-C8AF-4552-89BD-A0A312C0714E}.Debug|x64.Build.0 = Debug|Any CPU
		{95CDB084-C8AF-4552-89BD-A0A312C0714E}.Debug|x86.ActiveCfg = Debug|Any CPU
		{95CDB084-C8AF-4552-89BD-A0A312C0714E}.Debug|x86.Build.0 = Debug|Any CPU
		{95CDB084-C8AF-4552-89BD-A0A312C0714E}.Release|Any CPU.ActiveCfg = Release|Any CPU
		{95CDB084-C8AF-4552-89BD-A0A312C0714E}.Release|Any CPU.Build.0 = Release|Any CPU
		{95CDB084-C8AF-4552-89BD-A0A312C0714E}.Release|x64.ActiveCfg = Release|Any CPU
		{95CDB084-C8AF-4552-89BD-A0A312C0714E}.Release|x64.Build.0 = Release|Any CPU
		{95CDB084-C8AF-4552-89BD-A0A312C0714E}.Release|x86.ActiveCfg = Release|Any CPU
		{95CDB084-C8AF-4552-89BD-A0A312C0714E}.Release|x86.Build.0 = Release|Any CPU
	EndGlobalSection
EndGlobal
